{
  "nodes": {
    "nixpkgs": {
      "locked": {
        "lastModified": 1739369756,
        "narHash": "sha256-903vcvllDrOczlOUdhpfoT1G8L4nlQg2DqekXSLa5so=",
        "owner": "NixOS",
        "repo": "nixpkgs",
        "rev": "ae75bc8e5b890aff13f932977ed86be2e3ce82ce",
        "type": "github"
      },
      "original": {
        "owner": "NixOS",
        "ref": "release-24.11",
        "repo": "nixpkgs",
        "type": "github"
      }
    },
    "root": {
      "inputs": {
        "nixpkgs": "nixpkgs"
      }
    }
  },
  "root": "root",
  "version": 7
}
